
Microsoft Visual Studio Solution File, Format Version 12.00
# Visual Studio Version 17
VisualStudioVersion = 17.12.35514.174 d17.12
MinimumVisualStudioVersion = 10.0.40219.1
Project("{FAE04EC0-301F-11D3-BF4B-00C04F79EFBC}") = "CryptoWallet", "CryptoWallet\CryptoWallet.csproj", "{29A974B3-8816-4125-B9C2-644013C9A484}"
EndProject
Project("{FAE04EC0-301F-11D3-BF4B-00C04F79EFBC}") = "CryptoWallet.Logic", "CryptoWallet.Logic\CryptoWallet.Logic.csproj", "{41DA2142-47F9-430F-8758-561768751E26}"
EndProject
Project("{FAE04EC0-301F-11D3-BF4B-00C04F79EFBC}") = "CryptoWallet.Data", "CryptoWallet.Data\CryptoWallet.Data.csproj", "{6F0A6F97-8B75-494A-918A-64FB6FF97BC3}"
EndProject
Global
	GlobalSection(SolutionConfigurationPlatforms) = preSolution
		Debug|Any CPU = Debug|Any CPU
		Release|Any CPU = Release|Any CPU
	EndGlobalSection
	GlobalSection(ProjectConfigurationPlatforms) = postSolution
		{29A974B3-8816-4125-B9C2-644013C9A484}.Debug|Any CPU.ActiveCfg = Debug|Any CPU
		{29A974B3-8816-4125-B9C2-644013C9A484}.Debug|Any CPU.Build.0 = Debug|Any CPU
		{29A974B3-8816-4125-B9C2-644013C9A484}.Release|Any CPU.ActiveCfg = Release|Any CPU
		{29A974B3-8816-4125-B9C2-644013C9A484}.Release|Any CPU.Build.0 = Release|Any CPU
		{41DA2142-47F9-430F-8758-561768751E26}.Debug|Any CPU.ActiveCfg = Debug|Any CPU
		{41DA2142-47F9-430F-8758-561768751E26}.Debug|Any CPU.Build.0 = Debug|Any CPU
		{41DA2142-47F9-430F-8758-561768751E26}.Release|Any CPU.ActiveCfg = Release|Any CPU
		{41DA2142-47F9-430F-8758-561768751E26}.Release|Any CPU.Build.0 = Release|Any CPU
		{6F0A6F97-8B75-494A-918A-64FB6FF97BC3}.Debug|Any CPU.ActiveCfg = Debug|Any CPU
		{6F0A6F97-8B75-494A-918A-64FB6FF97BC3}.Debug|Any CPU.Build.0 = Debug|Any CPU
		{6F0A6F97-8B75-494A-918A-64FB6FF97BC3}.Release|Any CPU.ActiveCfg = Release|Any CPU
		{6F0A6F97-8B75-494A-918A-64FB6FF97BC3}.Release|Any CPU.Build.0 = Release|Any CPU
	EndGlobalSection
	GlobalSection(SolutionProperties) = preSolution
		HideSolutionNode = FALSE
	EndGlobalSection
EndGlobal
